
Microsoft Visual Studio Solution File, Format Version 12.00
# Visual Studio Version 17
VisualStudioVersion = 17.0.31912.275
MinimumVisualStudioVersion = 10.0.40219.1
Project("{8BC9CEB8-8B4A-11D0-8D11-00A0C91BC942}") = "Q1", "Q1\Q1.vcxproj", "{62C7F342-9F99-4AA5-A868-2B08449850E1}"
EndProject
Project("{8BC9CEB8-8B4A-11D0-8D11-00A0C91BC942}") = "Q2", "Q2\Q2.vcxproj", "{C543CE44-9C37-4AA1-A6F4-8A0A56DAAE56}"
EndProject
Project("{8BC9CEB8-8B4A-11D0-8D11-00A0C91BC942}") = "Q3(1)", "Q3(1)\Q3(1).vcxproj", "{F02D4EDD-7E0D-4A6B-A7E2-9909E1A5EE9A}"
EndProject
Project("{8BC9CEB8-8B4A-11D0-8D11-00A0C91BC942}") = "Q3(2)", "Q3(2)\Q3(2).vcxproj", "{68E44B8A-623E-4AED-9347-EE5672C9ABF9}"
EndProject
Project("{8BC9CEB8-8B4A-11D0-8D11-00A0C91BC942}") = "Q4", "Q4\Q4.vcxproj", "{EFE681C9-8906-42C6-ABA0-FD9CB9D3FDAE}"
EndProject
Project("{8BC9CEB8-8B4A-11D0-8D11-00A0C91BC942}") = "Q5", "Q5\Q5.vcxproj", "{99101985-4561-490F-83E5-C3818C83D735}"
EndProject
Project("{8BC9CEB8-8B4A-11D0-8D11-00A0C91BC942}") = "Q6", "Q6\Q6.vcxproj", "{27D353DB-1D23-4533-9543-609032106179}"
EndProject
Project("{8BC9CEB8-8B4A-11D0-8D11-00A0C91BC942}") = "Q7", "Q7\Q7.vcxproj", "{C1ADA359-3233-478C-8DCD-8FF7F4A27C68}"
EndProject
Project("{8BC9CEB8-8B4A-11D0-8D11-00A0C91BC942}") = "Q8", "Q8\Q8.vcxproj", "{C0772138-ECC6-4244-86D5-64F7B56596E3}"
EndProject
Project("{8BC9CEB8-8B4A-11D0-8D11-00A0C91BC942}") = "Q9", "Q9\Q9.vcxproj", "{929B5728-CF95-4502-A480-2211A5825525}"
EndProject
Project("{8BC9CEB8-8B4A-11D0-8D11-00A0C91BC942}") = "Q10", "Q10\Q10.vcxproj", "{ADF7188B-B2EC-4B21-8BD5-209448BEC5C9}"
EndProject
Project("{8BC9CEB8-8B4A-11D0-8D11-00A0C91BC942}") = "Q11", "Q11\Q11.vcxproj", "{405B012F-1402-47EF-9D25-E1081F58856D}"
EndProject
Project("{8BC9CEB8-8B4A-11D0-8D11-00A0C91BC942}") = "Q12", "Q12\Q12.vcxproj", "{F177A2F0-63D0-456D-8F93-CFA436FAC24F}"
EndProject
Project("{8BC9CEB8-8B4A-11D0-8D11-00A0C91BC942}") = "Q13", "Q13\Q13.vcxproj", "{0CF2FA01-573B-46CB-83A6-ECD4856788F9}"
EndProject
Project("{8BC9CEB8-8B4A-11D0-8D11-00A0C91BC942}") = "Q14", "Q14\Q14.vcxproj", "{0074E986-175E-4C74-8A9D-43A48D9F4996}"
EndProject
Global
	GlobalSection(SolutionConfigurationPlatforms) = preSolution
		Debug|x64 = Debug|x64
		Debug|x86 = Debug|x86
		Release|x64 = Release|x64
		Release|x86 = Release|x86
	EndGlobalSection
	GlobalSection(ProjectConfigurationPlatforms) = postSolution
		{62C7F342-9F99-4AA5-A868-2B08449850E1}.Debug|x64.ActiveCfg = Debug|x64
		{62C7F342-9F99-4AA5-A868-2B08449850E1}.Debug|x64.Build.0 = Debug|x64
		{62C7F342-9F99-4AA5-A868-2B08449850E1}.Debug|x86.ActiveCfg = Debug|Win32
		{62C7F342-9F99-4AA5-A868-2B08449850E1}.Debug|x86.Build.0 = Debug|Win32
		{62C7F342-9F99-4AA5-A868-2B08449850E1}.Release|x64.ActiveCfg = Release|x64
		{62C7F342-9F99-4AA5-A868-2B08449850E1}.Release|x64.Build.0 = Release|x64
		{62C7F342-9F99-4AA5-A868-2B08449850E1}.Release|x86.ActiveCfg = Release|Win32
		{62C7F342-9F99-4AA5-A868-2B08449850E1}.Release|x86.Build.0 = Release|Win32
		{C543CE44-9C37-4AA1-A6F4-8A0A56DAAE56}.Debug|x64.ActiveCfg = Debug|x64
		{C543CE44-9C37-4AA1-A6F4-8A0A56DAAE56}.Debug|x64.Build.0 = Debug|x64
		{C543CE44-9C37-4AA1-A6F4-8A0A56DAAE56}.Debug|x86.ActiveCfg = Debug|Win32
		{C543CE44-9C37-4AA1-A6F4-8A0A56DAAE56}.Debug|x86.Build.0 = Debug|Win32
		{C543CE44-9C37-4AA1-A6F4-8A0A56DAAE56}.Release|x64.ActiveCfg = Release|x64
		{C543CE44-9C37-4AA1-A6F4-8A0A56DAAE56}.Release|x64.Build.0 = Release|x64
		{C543CE44-9C37-4AA1-A6F4-8A0A56DAAE56}.Release|x86.ActiveCfg = Release|Win32
		{C543CE44-9C37-4AA1-A6F4-8A0A56DAAE56}.Release|x86.Build.0 = Release|Win32
		{F02D4EDD-7E0D-4A6B-A7E2-9909E1A5EE9A}.Debug|x64.ActiveCfg = Debug|x64
		{F02D4EDD-7E0D-4A6B-A7E2-9909E1A5EE9A}.Debug|x64.Build.0 = Debug|x64
		{F02D4EDD-7E0D-4A6B-A7E2-9909E1A5EE9A}.Debug|x86.ActiveCfg = Debug|Win32
		{F02D4EDD-7E0D-4A6B-A7E2-9909E1A5EE9A}.Debug|x86.Build.0 = Debug|Win32
		{F02D4EDD-7E0D-4A6B-A7E2-9909E1A5EE9A}.Release|x64.ActiveCfg = Release|x64
		{F02D4EDD-7E0D-4A6B-A7E2-9909E1A5EE9A}.Release|x64.Build.0 = Release|x64
		{F02D4EDD-7E0D-4A6B-A7E2-9909E1A5EE9A}.Release|x86.ActiveCfg = Release|Win32
		{F02D4EDD-7E0D-4A6B-A7E2-9909E1A5EE9A}.Release|x86.Build.0 = Release|Win32
		{68E44B8A-623E-4AED-9347-EE5672C9ABF9}.Debug|x64.ActiveCfg = Debug|x64
		{68E44B8A-623E-4AED-9347-EE5672C9ABF9}.Debug|x64.Build.0 = Debug|x64
		{68E44B8A-623E-4AED-9347-EE5672C9ABF9}.Debug|x86.ActiveCfg = Debug|Win32
		{68E44B8A-623E-4AED-9347-EE5672C9ABF9}.Debug|x86.Build.0 = Debug|Win32
		{68E44B8A-623E-4AED-9347-EE5672C9ABF9}.Release|x64.ActiveCfg = Release|x64
		{68E44B8A-623E-4AED-9347-EE5672C9ABF9}.Release|x64.Build.0 = Release|x64
		{68E44B8A-623E-4AED-9347-EE5672C9ABF9}.Release|x86.ActiveCfg = Release|Win32
		{68E44B8A-623E-4AED-9347-EE5672C9ABF9}.Release|x86.Build.0 = Release|Win32
		{EFE681C9-8906-42C6-ABA0-FD9CB9D3FDAE}.Debug|x64.ActiveCfg = Debug|x64
		{EFE681C9-8906-42C6-ABA0-FD9CB9D3FDAE}.Debug|x64.Build.0 = Debug|x64
		{EFE681C9-8906-42C6-ABA0-FD9CB9D3FDAE}.Debug|x86.ActiveCfg = Debug|Win32
		{EFE681C9-8906-42C6-ABA0-FD9CB9D3FDAE}.Debug|x86.Build.0 = Debug|Win32
		{EFE681C9-8906-42C6-ABA0-FD9CB9D3FDAE}.Release|x64.ActiveCfg = Release|x64
		{EFE681C9-8906-42C6-ABA0-FD9CB9D3FDAE}.Release|x64.Build.0 = Release|x64
		{EFE681C9-8906-42C6-ABA0-FD9CB9D3FDAE}.Release|x86.ActiveCfg = Release|Win32
		{EFE681C9-8906-42C6-ABA0-FD9CB9D3FDAE}.Release|x86.Build.0 = Release|Win32
		{99101985-4561-490F-83E5-C3818C83D735}.Debug|x64.ActiveCfg = Debug|x64
		{99101985-4561-490F-83E5-C3818C83D735}.Debug|x64.Build.0 = Debug|x64
		{99101985-4561-490F-83E5-C3818C83D735}.Debug|x86.ActiveCfg = Debug|Win32
		{99101985-4561-490F-83E5-C3818C83D735}.Debug|x86.Build.0 = Debug|Win32
		{99101985-4561-490F-83E5-C3818C83D735}.Release|x64.ActiveCfg = Release|x64
		{99101985-4561-490F-83E5-C3818C83D735}.Release|x64.Build.0 = Release|x64
		{99101985-4561-490F-83E5-C3818C83D735}.Release|x86.ActiveCfg = Release|Win32
		{99101985-4561-490F-83E5-C3818C83D735}.Release|x86.Build.0 = Release|Win32
		{27D353DB-1D23-4533-9543-609032106179}.Debug|x64.ActiveCfg = Debug|x64
		{27D353DB-1D23-4533-9543-609032106179}.Debug|x64.Build.0 = Debug|x64
		{27D353DB-1D23-4533-9543-609032106179}.Debug|x86.ActiveCfg = Debug|Win32
		{27D353DB-1D23-4533-9543-609032106179}.Debug|x86.Build.0 = Debug|Win32
		{27D353DB-1D23-4533-9543-609032106179}.Release|x64.ActiveCfg = Release|x64
		{27D353DB-1D23-4533-9543-609032106179}.Release|x64.Build.0 = Release|x64
		{27D353DB-1D23-4533-9543-609032106179}.Release|x86.ActiveCfg = Release|Win32
		{27D353DB-1D23-4533-9543-609032106179}.Release|x86.Build.0 = Release|Win32
		{C1ADA359-3233-478C-8DCD-8FF7F4A27C68}.Debug|x64.ActiveCfg = Debug|x64
		{C1ADA359-3233-478C-8DCD-8FF7F4A27C68}.Debug|x64.Build.0 = Debug|x64
		{C1ADA359-3233-478C-8DCD-8FF7F4A27C68}.Debug|x86.ActiveCfg = Debug|Win32
		{C1ADA359-3233-478C-8DCD-8FF7F4A27C68}.Debug|x86.Build.0 = Debug|Win32
		{C1ADA359-3233-478C-8DCD-8FF7F4A27C68}.Release|x64.ActiveCfg = Release|x64
		{C1ADA359-3233-478C-8DCD-8FF7F4A27C68}.Release|x64.Build.0 = Release|x64
		{C1ADA359-3233-478C-8DCD-8FF7F4A27C68}.Release|x86.ActiveCfg = Release|Win32
		{C1ADA359-3233-478C-8DCD-8FF7F4A27C68}.Release|x86.Build.0 = Release|Win32
		{C0772138-ECC6-4244-86D5-64F7B56596E3}.Debug|x64.ActiveCfg = Debug|x64
		{C0772138-ECC6-4244-86D5-64F7B56596E3}.Debug|x64.Build.0 = Debug|x64
		{C0772138-ECC6-4244-86D5-64F7B56596E3}.Debug|x86.ActiveCfg = Debug|Win32
		{C0772138-ECC6-4244-86D5-64F7B56596E3}.Debug|x86.Build.0 = Debug|Win32
		{C0772138-ECC6-4244-86D5-64F7B56596E3}.Release|x64.ActiveCfg = Release|x64
		{C0772138-ECC6-4244-86D5-64F7B56596E3}.Release|x64.Build.0 = Release|x64
		{C0772138-ECC6-4244-86D5-64F7B56596E3}.Release|x86.ActiveCfg = Release|Win32
		{C0772138-ECC6-4244-86D5-64F7B56596E3}.Release|x86.Build.0 = Release|Win32
		{929B5728-CF95-4502-A480-2211A5825525}.Debug|x64.ActiveCfg = Debug|x64
		{929B5728-CF95-4502-A480-2211A5825525}.Debug|x64.Build.0 = Debug|x64
		{929B5728-CF95-4502-A480-2211A5825525}.Debug|x86.ActiveCfg = Debug|Win32
		{929B5728-CF95-4502-A480-2211A5825525}.Debug|x86.Build.0 = Debug|Win32
		{929B5728-CF95-4502-A480-2211A5825525}.Release|x64.ActiveCfg = Release|x64
		{929B5728-CF95-4502-A480-2211A5825525}.Release|x64.Build.0 = Release|x64
		{929B5728-CF95-4502-A480-2211A5825525}.Release|x86.ActiveCfg = Release|Win32
		{929B5728-CF95-4502-A480-2211A5825525}.Release|x86.Build.0 = Release|Win32
		{ADF7188B-B2EC-4B21-8BD5-209448BEC5C9}.Debug|x64.ActiveCfg = Debug|x64
		{ADF7188B-B2EC-4B21-8BD5-209448BEC5C9}.Debug|x64.Build.0 = Debug|x64
		{ADF7188B-B2EC-4B21-8BD5-209448BEC5C9}.Debug|x86.ActiveCfg = Debug|Win32
		{ADF7188B-B2EC-4B21-8BD5-209448BEC5C9}.Debug|x86.Build.0 = Debug|Win32
		{ADF7188B-B2EC-4B21-8BD5-209448BEC5C9}.Release|x64.ActiveCfg = Release|x64
		{ADF7188B-B2EC-4B21-8BD5-209448BEC5C9}.Release|x64.Build.0 = Release|x64
		{ADF7188B-B2EC-4B21-8BD5-209448BEC5C9}.Release|x86.ActiveCfg = Release|Win32
		{ADF7188B-B2EC-4B21-8BD5-209448BEC5C9}.Release|x86.Build.0 = Release|Win32
		{405B012F-1402-47EF-9D25-E1081F58856D}.Debug|x64.ActiveCfg = Debug|x64
		{405B012F-1402-47EF-9D25-E1081F58856D}.Debug|x64.Build.0 = Debug|x64
		{405B012F-1402-47EF-9D25-E1081F58856D}.Debug|x86.ActiveCfg = Debug|Win32
		{405B012F-1402-47EF-9D25-E1081F58856D}.Debug|x86.Build.0 = Debug|Win32
		{405B012F-1402-47EF-9D25-E1081F58856D}.Release|x64.ActiveCfg = Release|x64
		{405B012F-1402-47EF-9D25-E1081F58856D}.Release|x64.Build.0 = Release|x64
		{405B012F-1402-47EF-9D25-E1081F58856D}.Release|x86.ActiveCfg = Release|Win32
		{405B012F-1402-47EF-9D25-E1081F58856D}.Release|x86.Build.0 = Release|Win32
		{F177A2F0-63D0-456D-8F93-CFA436FAC24F}.Debug|x64.ActiveCfg = Debug|x64
		{F177A2F0-63D0-456D-8F93-CFA436FAC24F}.Debug|x64.Build.0 = Debug|x64
		{F177A2F0-63D0-456D-8F93-CFA436FAC24F}.Debug|x86.ActiveCfg = Debug|Win32
		{F177A2F0-63D0-456D-8F93-CFA436FAC24F}.Debug|x86.Build.0 = Debug|Win32
		{F177A2F0-63D0-456D-8F93-CFA436FAC24F}.Release|x64.ActiveCfg = Release|x64
		{F177A2F0-63D0-456D-8F93-CFA436FAC24F}.Release|x64.Build.0 = Release|x64
		{F177A2F0-63D0-456D-8F93-CFA436FAC24F}.Release|x86.ActiveCfg = Release|Win32
		{F177A2F0-63D0-456D-8F93-CFA436FAC24F}.Release|x86.Build.0 = Release|Win32
		{0CF2FA01-573B-46CB-83A6-ECD4856788F9}.Debug|x64.ActiveCfg = Debug|x64
		{0CF2FA01-573B-46CB-83A6-ECD4856788F9}.Debug|x64.Build.0 = Debug|x64
		{0CF2FA01-573B-46CB-83A6-ECD4856788F9}.Debug|x86.ActiveCfg = Debug|Win32
		{0CF2FA01-573B-46CB-83A6-ECD4856788F9}.Debug|x86.Build.0 = Debug|Win32
		{0CF2FA01-573B-46CB-83A6-ECD4856788F9}.Release|x64.ActiveCfg = Release|x64
		{0CF2FA01-573B-46CB-83A6-ECD4856788F9}.Release|x64.Build.0 = Release|x64
		{0CF2FA01-573B-46CB-83A6-ECD4856788F9}.Release|x86.ActiveCfg = Release|Win32
		{0CF2FA01-573B-46CB-83A6-ECD4856788F9}.Release|x86.Build.0 = Release|Win32
		{0074E986-175E-4C74-8A9D-43A48D9F4996}.Debug|x64.ActiveCfg = Debug|x64
		{0074E986-175E-4C74-8A9D-43A48D9F4996}.Debug|x64.Build.0 = Debug|x64
		{0074E986-175E-4C74-8A9D-43A48D9F4996}.Debug|x86.ActiveCfg = Debug|Win32
		{0074E986-175E-4C74-8A9D-43A48D9F4996}.Debug|x86.Build.0 = Debug|Win32
		{0074E986-175E-4C74-8A9D-43A48D9F4996}.Release|x64.ActiveCfg = Release|x64
		{0074E986-175E-4C74-8A9D-43A48D9F4996}.Release|x64.Build.0 = Release|x64
		{0074E986-175E-4C74-8A9D-43A48D9F4996}.Release|x86.ActiveCfg = Release|Win32
		{0074E986-175E-4C74-8A9D-43A48D9F4996}.Release|x86.Build.0 = Release|Win32
	EndGlobalSection
	GlobalSection(SolutionProperties) = preSolution
		HideSolutionNode = FALSE
	EndGlobalSection
	GlobalSection(ExtensibilityGlobals) = postSolution
		SolutionGuid = {40DB2334-6714-4C13-812A-27D8090DFEBC}
	EndGlobalSection
EndGlobal
