
Microsoft Visual Studio Solution File, Format Version 12.00
# Visual Studio Version 17
VisualStudioVersion = 17.0.31912.275
MinimumVisualStudioVersion = 10.0.40219.1
Project("{8BC9CEB8-8B4A-11D0-8D11-00A0C91BC942}") = "Q1", "Q1\Q1.vcxproj", "{C15410D0-734E-40D7-9004-66BFF3C22CAD}"
EndProject
Project("{8BC9CEB8-8B4A-11D0-8D11-00A0C91BC942}") = "Q2", "Q2\Q2.vcxproj", "{9B50B8E3-106B-4417-AFF4-EC8C929C8A24}"
EndProject
Project("{8BC9CEB8-8B4A-11D0-8D11-00A0C91BC942}") = "Q3", "Q3\Q3.vcxproj", "{A698269F-ACA1-4231-9E3E-0AADE76E8313}"
EndProject
Project("{8BC9CEB8-8B4A-11D0-8D11-00A0C91BC942}") = "Q4", "Q4\Q4.vcxproj", "{5710DB98-795A-4D1D-85FE-EA87BDE2E9EC}"
EndProject
Project("{8BC9CEB8-8B4A-11D0-8D11-00A0C91BC942}") = "Q5", "Q5\Q5.vcxproj", "{445ACF52-E931-468B-A7CC-C9E1D7A87E91}"
EndProject
Project("{8BC9CEB8-8B4A-11D0-8D11-00A0C91BC942}") = "Q6", "Q6\Q6.vcxproj", "{5BDD4848-AF30-4284-BE24-8AE94E6D7BA7}"
EndProject
Project("{8BC9CEB8-8B4A-11D0-8D11-00A0C91BC942}") = "Q7", "Q7\Q7.vcxproj", "{3F070057-8F44-4C2B-9E31-B3406F3418B9}"
EndProject
Project("{8BC9CEB8-8B4A-11D0-8D11-00A0C91BC942}") = "Q8", "Q8\Q8.vcxproj", "{BEDAD256-8ED7-4733-87BB-0CDDCFB81CF7}"
EndProject
Project("{8BC9CEB8-8B4A-11D0-8D11-00A0C91BC942}") = "Q9", "Q9\Q9.vcxproj", "{20DCCBC5-67BA-4331-A544-E03872942034}"
EndProject
Global
	GlobalSection(SolutionConfigurationPlatforms) = preSolution
		Debug|x64 = Debug|x64
		Debug|x86 = Debug|x86
		Release|x64 = Release|x64
		Release|x86 = Release|x86
	EndGlobalSection
	GlobalSection(ProjectConfigurationPlatforms) = postSolution
		{C15410D0-734E-40D7-9004-66BFF3C22CAD}.Debug|x64.ActiveCfg = Debug|x64
		{C15410D0-734E-40D7-9004-66BFF3C22CAD}.Debug|x64.Build.0 = Debug|x64
		{C15410D0-734E-40D7-9004-66BFF3C22CAD}.Debug|x86.ActiveCfg = Debug|Win32
		{C15410D0-734E-40D7-9004-66BFF3C22CAD}.Debug|x86.Build.0 = Debug|Win32
		{C15410D0-734E-40D7-9004-66BFF3C22CAD}.Release|x64.ActiveCfg = Release|x64
		{C15410D0-734E-40D7-9004-66BFF3C22CAD}.Release|x64.Build.0 = Release|x64
		{C15410D0-734E-40D7-9004-66BFF3C22CAD}.Release|x86.ActiveCfg = Release|Win32
		{C15410D0-734E-40D7-9004-66BFF3C22CAD}.Release|x86.Build.0 = Release|Win32
		{9B50B8E3-106B-4417-AFF4-EC8C929C8A24}.Debug|x64.ActiveCfg = Debug|x64
		{9B50B8E3-106B-4417-AFF4-EC8C929C8A24}.Debug|x64.Build.0 = Debug|x64
		{9B50B8E3-106B-4417-AFF4-EC8C929C8A24}.Debug|x86.ActiveCfg = Debug|Win32
		{9B50B8E3-106B-4417-AFF4-EC8C929C8A24}.Debug|x86.Build.0 = Debug|Win32
		{9B50B8E3-106B-4417-AFF4-EC8C929C8A24}.Release|x64.ActiveCfg = Release|x64
		{9B50B8E3-106B-4417-AFF4-EC8C929C8A24}.Release|x64.Build.0 = Release|x64
		{9B50B8E3-106B-4417-AFF4-EC8C929C8A24}.Release|x86.ActiveCfg = Release|Win32
		{9B50B8E3-106B-4417-AFF4-EC8C929C8A24}.Release|x86.Build.0 = Release|Win32
		{A698269F-ACA1-4231-9E3E-0AADE76E8313}.Debug|x64.ActiveCfg = Debug|x64
		{A698269F-ACA1-4231-9E3E-0AADE76E8313}.Debug|x64.Build.0 = Debug|x64
		{A698269F-ACA1-4231-9E3E-0AADE76E8313}.Debug|x86.ActiveCfg = Debug|Win32
		{A698269F-ACA1-4231-9E3E-0AADE76E8313}.Debug|x86.Build.0 = Debug|Win32
		{A698269F-ACA1-4231-9E3E-0AADE76E8313}.Release|x64.ActiveCfg = Release|x64
		{A698269F-ACA1-4231-9E3E-0AADE76E8313}.Release|x64.Build.0 = Release|x64
		{A698269F-ACA1-4231-9E3E-0AADE76E8313}.Release|x86.ActiveCfg = Release|Win32
		{A698269F-ACA1-4231-9E3E-0AADE76E8313}.Release|x86.Build.0 = Release|Win32
		{5710DB98-795A-4D1D-85FE-EA87BDE2E9EC}.Debug|x64.ActiveCfg = Debug|x64
		{5710DB98-795A-4D1D-85FE-EA87BDE2E9EC}.Debug|x64.Build.0 = Debug|x64
		{5710DB98-795A-4D1D-85FE-EA87BDE2E9EC}.Debug|x86.ActiveCfg = Debug|Win32
		{5710DB98-795A-4D1D-85FE-EA87BDE2E9EC}.Debug|x86.Build.0 = Debug|Win32
		{5710DB98-795A-4D1D-85FE-EA87BDE2E9EC}.Release|x64.ActiveCfg = Release|x64
		{5710DB98-795A-4D1D-85FE-EA87BDE2E9EC}.Release|x64.Build.0 = Release|x64
		{5710DB98-795A-4D1D-85FE-EA87BDE2E9EC}.Release|x86.ActiveCfg = Release|Win32
		{5710DB98-795A-4D1D-85FE-EA87BDE2E9EC}.Release|x86.Build.0 = Release|Win32
		{445ACF52-E931-468B-A7CC-C9E1D7A87E91}.Debug|x64.ActiveCfg = Debug|x64
		{445ACF52-E931-468B-A7CC-C9E1D7A87E91}.Debug|x64.Build.0 = Debug|x64
		{445ACF52-E931-468B-A7CC-C9E1D7A87E91}.Debug|x86.ActiveCfg = Debug|Win32
		{445ACF52-E931-468B-A7CC-C9E1D7A87E91}.Debug|x86.Build.0 = Debug|Win32
		{445ACF52-E931-468B-A7CC-C9E1D7A87E91}.Release|x64.ActiveCfg = Release|x64
		{445ACF52-E931-468B-A7CC-C9E1D7A87E91}.Release|x64.Build.0 = Release|x64
		{445ACF52-E931-468B-A7CC-C9E1D7A87E91}.Release|x86.ActiveCfg = Release|Win32
		{445ACF52-E931-468B-A7CC-C9E1D7A87E91}.Release|x86.Build.0 = Release|Win32
		{5BDD4848-AF30-4284-BE24-8AE94E6D7BA7}.Debug|x64.ActiveCfg = Debug|x64
		{5BDD4848-AF30-4284-BE24-8AE94E6D7BA7}.Debug|x64.Build.0 = Debug|x64
		{5BDD4848-AF30-4284-BE24-8AE94E6D7BA7}.Debug|x86.ActiveCfg = Debug|Win32
		{5BDD4848-AF30-4284-BE24-8AE94E6D7BA7}.Debug|x86.Build.0 = Debug|Win32
		{5BDD4848-AF30-4284-BE24-8AE94E6D7BA7}.Release|x64.ActiveCfg = Release|x64
		{5BDD4848-AF30-4284-BE24-8AE94E6D7BA7}.Release|x64.Build.0 = Release|x64
		{5BDD4848-AF30-4284-BE24-8AE94E6D7BA7}.Release|x86.ActiveCfg = Release|Win32
		{5BDD4848-AF30-4284-BE24-8AE94E6D7BA7}.Release|x86.Build.0 = Release|Win32
		{3F070057-8F44-4C2B-9E31-B3406F3418B9}.Debug|x64.ActiveCfg = Debug|x64
		{3F070057-8F44-4C2B-9E31-B3406F3418B9}.Debug|x64.Build.0 = Debug|x64
		{3F070057-8F44-4C2B-9E31-B3406F3418B9}.Debug|x86.ActiveCfg = Debug|Win32
		{3F070057-8F44-4C2B-9E31-B3406F3418B9}.Debug|x86.Build.0 = Debug|Win32
		{3F070057-8F44-4C2B-9E31-B3406F3418B9}.Release|x64.ActiveCfg = Release|x64
		{3F070057-8F44-4C2B-9E31-B3406F3418B9}.Release|x64.Build.0 = Release|x64
		{3F070057-8F44-4C2B-9E31-B3406F3418B9}.Release|x86.ActiveCfg = Release|Win32
		{3F070057-8F44-4C2B-9E31-B3406F3418B9}.Release|x86.Build.0 = Release|Win32
		{BEDAD256-8ED7-4733-87BB-0CDDCFB81CF7}.Debug|x64.ActiveCfg = Debug|x64
		{BEDAD256-8ED7-4733-87BB-0CDDCFB81CF7}.Debug|x64.Build.0 = Debug|x64
		{BEDAD256-8ED7-4733-87BB-0CDDCFB81CF7}.Debug|x86.ActiveCfg = Debug|Win32
		{BEDAD256-8ED7-4733-87BB-0CDDCFB81CF7}.Debug|x86.Build.0 = Debug|Win32
		{BEDAD256-8ED7-4733-87BB-0CDDCFB81CF7}.Release|x64.ActiveCfg = Release|x64
		{BEDAD256-8ED7-4733-87BB-0CDDCFB81CF7}.Release|x64.Build.0 = Release|x64
		{BEDAD256-8ED7-4733-87BB-0CDDCFB81CF7}.Release|x86.ActiveCfg = Release|Win32
		{BEDAD256-8ED7-4733-87BB-0CDDCFB81CF7}.Release|x86.Build.0 = Release|Win32
		{20DCCBC5-67BA-4331-A544-E03872942034}.Debug|x64.ActiveCfg = Debug|x64
		{20DCCBC5-67BA-4331-A544-E03872942034}.Debug|x64.Build.0 = Debug|x64
		{20DCCBC5-67BA-4331-A544-E03872942034}.Debug|x86.ActiveCfg = Debug|Win32
		{20DCCBC5-67BA-4331-A544-E03872942034}.Debug|x86.Build.0 = Debug|Win32
		{20DCCBC5-67BA-4331-A544-E03872942034}.Release|x64.ActiveCfg = Release|x64
		{20DCCBC5-67BA-4331-A544-E03872942034}.Release|x64.Build.0 = Release|x64
		{20DCCBC5-67BA-4331-A544-E03872942034}.Release|x86.ActiveCfg = Release|Win32
		{20DCCBC5-67BA-4331-A544-E03872942034}.Release|x86.Build.0 = Release|Win32
	EndGlobalSection
	GlobalSection(SolutionProperties) = preSolution
		HideSolutionNode = FALSE
	EndGlobalSection
	GlobalSection(ExtensibilityGlobals) = postSolution
		SolutionGuid = {ADF2BD5C-DB12-4FC9-803D-196155DB724B}
	EndGlobalSection
EndGlobal
