
Microsoft Visual Studio Solution File, Format Version 12.00
# Visual Studio Version 17
VisualStudioVersion = 17.0.31912.275
MinimumVisualStudioVersion = 10.0.40219.1
Project("{8BC9CEB8-8B4A-11D0-8D11-00A0C91BC942}") = "Q1", "Q1\Q1.vcxproj", "{22C28884-F756-4496-B5CC-AD72E2212893}"
EndProject
Project("{8BC9CEB8-8B4A-11D0-8D11-00A0C91BC942}") = "Q2", "Q2\Q2.vcxproj", "{079F4D21-85B4-43AD-9382-DC640F4478A1}"
EndProject
Project("{8BC9CEB8-8B4A-11D0-8D11-00A0C91BC942}") = "Q3", "Q3\Q3.vcxproj", "{1DD03AEA-DC95-4083-BFE7-EB7EE990D9DE}"
EndProject
Project("{8BC9CEB8-8B4A-11D0-8D11-00A0C91BC942}") = "Q4", "Q4\Q4.vcxproj", "{8D615B52-DC49-45EE-974B-699FEB60D64D}"
EndProject
Project("{8BC9CEB8-8B4A-11D0-8D11-00A0C91BC942}") = "Q5", "Q5\Q5.vcxproj", "{C6802033-006D-48DF-B5CC-60A51F82C222}"
EndProject
Project("{8BC9CEB8-8B4A-11D0-8D11-00A0C91BC942}") = "Q6", "Q6\Q6.vcxproj", "{2CCFE83F-9C4A-4D35-85BB-250B0F6CB7A3}"
EndProject
Project("{8BC9CEB8-8B4A-11D0-8D11-00A0C91BC942}") = "Q7", "Q7\Q7.vcxproj", "{BD1A5117-548E-4085-A095-18BEEBCBA245}"
EndProject
Project("{8BC9CEB8-8B4A-11D0-8D11-00A0C91BC942}") = "Q8", "Q8\Q8.vcxproj", "{6351C405-45AE-4A05-88EC-BE8E981F4D25}"
EndProject
Project("{8BC9CEB8-8B4A-11D0-8D11-00A0C91BC942}") = "Q9", "Q9\Q9.vcxproj", "{B40BDBBA-D738-47AE-98CE-B265D22D22F7}"
EndProject
Project("{8BC9CEB8-8B4A-11D0-8D11-00A0C91BC942}") = "Q10", "Q10\Q10.vcxproj", "{BE741753-E334-45B5-9407-03C92A05407C}"
EndProject
Project("{8BC9CEB8-8B4A-11D0-8D11-00A0C91BC942}") = "Q11", "Q11\Q11.vcxproj", "{F71493B1-88CA-4E63-AD90-821B30465114}"
EndProject
Project("{8BC9CEB8-8B4A-11D0-8D11-00A0C91BC942}") = "Q12(1)", "Q12\Q12.vcxproj", "{E7AD1C18-67C7-4A72-8301-B9FDBB23BAB6}"
EndProject
Project("{8BC9CEB8-8B4A-11D0-8D11-00A0C91BC942}") = "Q11(4)", "Q11(4)\Q11(4).vcxproj", "{D6873FCE-9FA4-4116-BE4A-25373ADE283E}"
EndProject
Project("{8BC9CEB8-8B4A-11D0-8D11-00A0C91BC942}") = "Q12(3)", "Q12(3)\Q12(3).vcxproj", "{7C9C0709-5281-4820-ABCA-5D6321D378B1}"
EndProject
Global
	GlobalSection(SolutionConfigurationPlatforms) = preSolution
		Debug|x64 = Debug|x64
		Debug|x86 = Debug|x86
		Release|x64 = Release|x64
		Release|x86 = Release|x86
	EndGlobalSection
	GlobalSection(ProjectConfigurationPlatforms) = postSolution
		{22C28884-F756-4496-B5CC-AD72E2212893}.Debug|x64.ActiveCfg = Debug|x64
		{22C28884-F756-4496-B5CC-AD72E2212893}.Debug|x64.Build.0 = Debug|x64
		{22C28884-F756-4496-B5CC-AD72E2212893}.Debug|x86.ActiveCfg = Debug|Win32
		{22C28884-F756-4496-B5CC-AD72E2212893}.Debug|x86.Build.0 = Debug|Win32
		{22C28884-F756-4496-B5CC-AD72E2212893}.Release|x64.ActiveCfg = Release|x64
		{22C28884-F756-4496-B5CC-AD72E2212893}.Release|x64.Build.0 = Release|x64
		{22C28884-F756-4496-B5CC-AD72E2212893}.Release|x86.ActiveCfg = Release|Win32
		{22C28884-F756-4496-B5CC-AD72E2212893}.Release|x86.Build.0 = Release|Win32
		{079F4D21-85B4-43AD-9382-DC640F4478A1}.Debug|x64.ActiveCfg = Debug|x64
		{079F4D21-85B4-43AD-9382-DC640F4478A1}.Debug|x64.Build.0 = Debug|x64
		{079F4D21-85B4-43AD-9382-DC640F4478A1}.Debug|x86.ActiveCfg = Debug|Win32
		{079F4D21-85B4-43AD-9382-DC640F4478A1}.Debug|x86.Build.0 = Debug|Win32
		{079F4D21-85B4-43AD-9382-DC640F4478A1}.Release|x64.ActiveCfg = Release|x64
		{079F4D21-85B4-43AD-9382-DC640F4478A1}.Release|x64.Build.0 = Release|x64
		{079F4D21-85B4-43AD-9382-DC640F4478A1}.Release|x86.ActiveCfg = Release|Win32
		{079F4D21-85B4-43AD-9382-DC640F4478A1}.Release|x86.Build.0 = Release|Win32
		{1DD03AEA-DC95-4083-BFE7-EB7EE990D9DE}.Debug|x64.ActiveCfg = Debug|x64
		{1DD03AEA-DC95-4083-BFE7-EB7EE990D9DE}.Debug|x64.Build.0 = Debug|x64
		{1DD03AEA-DC95-4083-BFE7-EB7EE990D9DE}.Debug|x86.ActiveCfg = Debug|Win32
		{1DD03AEA-DC95-4083-BFE7-EB7EE990D9DE}.Debug|x86.Build.0 = Debug|Win32
		{1DD03AEA-DC95-4083-BFE7-EB7EE990D9DE}.Release|x64.ActiveCfg = Release|x64
		{1DD03AEA-DC95-4083-BFE7-EB7EE990D9DE}.Release|x64.Build.0 = Release|x64
		{1DD03AEA-DC95-4083-BFE7-EB7EE990D9DE}.Release|x86.ActiveCfg = Release|Win32
		{1DD03AEA-DC95-4083-BFE7-EB7EE990D9DE}.Release|x86.Build.0 = Release|Win32
		{8D615B52-DC49-45EE-974B-699FEB60D64D}.Debug|x64.ActiveCfg = Debug|x64
		{8D615B52-DC49-45EE-974B-699FEB60D64D}.Debug|x64.Build.0 = Debug|x64
		{8D615B52-DC49-45EE-974B-699FEB60D64D}.Debug|x86.ActiveCfg = Debug|Win32
		{8D615B52-DC49-45EE-974B-699FEB60D64D}.Debug|x86.Build.0 = Debug|Win32
		{8D615B52-DC49-45EE-974B-699FEB60D64D}.Release|x64.ActiveCfg = Release|x64
		{8D615B52-DC49-45EE-974B-699FEB60D64D}.Release|x64.Build.0 = Release|x64
		{8D615B52-DC49-45EE-974B-699FEB60D64D}.Release|x86.ActiveCfg = Release|Win32
		{8D615B52-DC49-45EE-974B-699FEB60D64D}.Release|x86.Build.0 = Release|Win32
		{C6802033-006D-48DF-B5CC-60A51F82C222}.Debug|x64.ActiveCfg = Debug|x64
		{C6802033-006D-48DF-B5CC-60A51F82C222}.Debug|x64.Build.0 = Debug|x64
		{C6802033-006D-48DF-B5CC-60A51F82C222}.Debug|x86.ActiveCfg = Debug|Win32
		{C6802033-006D-48DF-B5CC-60A51F82C222}.Debug|x86.Build.0 = Debug|Win32
		{C6802033-006D-48DF-B5CC-60A51F82C222}.Release|x64.ActiveCfg = Release|x64
		{C6802033-006D-48DF-B5CC-60A51F82C222}.Release|x64.Build.0 = Release|x64
		{C6802033-006D-48DF-B5CC-60A51F82C222}.Release|x86.ActiveCfg = Release|Win32
		{C6802033-006D-48DF-B5CC-60A51F82C222}.Release|x86.Build.0 = Release|Win32
		{2CCFE83F-9C4A-4D35-85BB-250B0F6CB7A3}.Debug|x64.ActiveCfg = Debug|x64
		{2CCFE83F-9C4A-4D35-85BB-250B0F6CB7A3}.Debug|x64.Build.0 = Debug|x64
		{2CCFE83F-9C4A-4D35-85BB-250B0F6CB7A3}.Debug|x86.ActiveCfg = Debug|Win32
		{2CCFE83F-9C4A-4D35-85BB-250B0F6CB7A3}.Debug|x86.Build.0 = Debug|Win32
		{2CCFE83F-9C4A-4D35-85BB-250B0F6CB7A3}.Release|x64.ActiveCfg = Release|x64
		{2CCFE83F-9C4A-4D35-85BB-250B0F6CB7A3}.Release|x64.Build.0 = Release|x64
		{2CCFE83F-9C4A-4D35-85BB-250B0F6CB7A3}.Release|x86.ActiveCfg = Release|Win32
		{2CCFE83F-9C4A-4D35-85BB-250B0F6CB7A3}.Release|x86.Build.0 = Release|Win32
		{BD1A5117-548E-4085-A095-18BEEBCBA245}.Debug|x64.ActiveCfg = Debug|x64
		{BD1A5117-548E-4085-A095-18BEEBCBA245}.Debug|x64.Build.0 = Debug|x64
		{BD1A5117-548E-4085-A095-18BEEBCBA245}.Debug|x86.ActiveCfg = Debug|Win32
		{BD1A5117-548E-4085-A095-18BEEBCBA245}.Debug|x86.Build.0 = Debug|Win32
		{BD1A5117-548E-4085-A095-18BEEBCBA245}.Release|x64.ActiveCfg = Release|x64
		{BD1A5117-548E-4085-A095-18BEEBCBA245}.Release|x64.Build.0 = Release|x64
		{BD1A5117-548E-4085-A095-18BEEBCBA245}.Release|x86.ActiveCfg = Release|Win32
		{BD1A5117-548E-4085-A095-18BEEBCBA245}.Release|x86.Build.0 = Release|Win32
		{6351C405-45AE-4A05-88EC-BE8E981F4D25}.Debug|x64.ActiveCfg = Debug|x64
		{6351C405-45AE-4A05-88EC-BE8E981F4D25}.Debug|x64.Build.0 = Debug|x64
		{6351C405-45AE-4A05-88EC-BE8E981F4D25}.Debug|x86.ActiveCfg = Debug|Win32
		{6351C405-45AE-4A05-88EC-BE8E981F4D25}.Debug|x86.Build.0 = Debug|Win32
		{6351C405-45AE-4A05-88EC-BE8E981F4D25}.Release|x64.ActiveCfg = Release|x64
		{6351C405-45AE-4A05-88EC-BE8E981F4D25}.Release|x64.Build.0 = Release|x64
		{6351C405-45AE-4A05-88EC-BE8E981F4D25}.Release|x86.ActiveCfg = Release|Win32
		{6351C405-45AE-4A05-88EC-BE8E981F4D25}.Release|x86.Build.0 = Release|Win32
		{B40BDBBA-D738-47AE-98CE-B265D22D22F7}.Debug|x64.ActiveCfg = Debug|x64
		{B40BDBBA-D738-47AE-98CE-B265D22D22F7}.Debug|x64.Build.0 = Debug|x64
		{B40BDBBA-D738-47AE-98CE-B265D22D22F7}.Debug|x86.ActiveCfg = Debug|Win32
		{B40BDBBA-D738-47AE-98CE-B265D22D22F7}.Debug|x86.Build.0 = Debug|Win32
		{B40BDBBA-D738-47AE-98CE-B265D22D22F7}.Release|x64.ActiveCfg = Release|x64
		{B40BDBBA-D738-47AE-98CE-B265D22D22F7}.Release|x64.Build.0 = Release|x64
		{B40BDBBA-D738-47AE-98CE-B265D22D22F7}.Release|x86.ActiveCfg = Release|Win32
		{B40BDBBA-D738-47AE-98CE-B265D22D22F7}.Release|x86.Build.0 = Release|Win32
		{BE741753-E334-45B5-9407-03C92A05407C}.Debug|x64.ActiveCfg = Debug|x64
		{BE741753-E334-45B5-9407-03C92A05407C}.Debug|x64.Build.0 = Debug|x64
		{BE741753-E334-45B5-9407-03C92A05407C}.Debug|x86.ActiveCfg = Debug|Win32
		{BE741753-E334-45B5-9407-03C92A05407C}.Debug|x86.Build.0 = Debug|Win32
		{BE741753-E334-45B5-9407-03C92A05407C}.Release|x64.ActiveCfg = Release|x64
		{BE741753-E334-45B5-9407-03C92A05407C}.Release|x64.Build.0 = Release|x64
		{BE741753-E334-45B5-9407-03C92A05407C}.Release|x86.ActiveCfg = Release|Win32
		{BE741753-E334-45B5-9407-03C92A05407C}.Release|x86.Build.0 = Release|Win32
		{F71493B1-88CA-4E63-AD90-821B30465114}.Debug|x64.ActiveCfg = Debug|x64
		{F71493B1-88CA-4E63-AD90-821B30465114}.Debug|x64.Build.0 = Debug|x64
		{F71493B1-88CA-4E63-AD90-821B30465114}.Debug|x86.ActiveCfg = Debug|Win32
		{F71493B1-88CA-4E63-AD90-821B30465114}.Debug|x86.Build.0 = Debug|Win32
		{F71493B1-88CA-4E63-AD90-821B30465114}.Release|x64.ActiveCfg = Release|x64
		{F71493B1-88CA-4E63-AD90-821B30465114}.Release|x64.Build.0 = Release|x64
		{F71493B1-88CA-4E63-AD90-821B30465114}.Release|x86.ActiveCfg = Release|Win32
		{F71493B1-88CA-4E63-AD90-821B30465114}.Release|x86.Build.0 = Release|Win32
		{E7AD1C18-67C7-4A72-8301-B9FDBB23BAB6}.Debug|x64.ActiveCfg = Debug|x64
		{E7AD1C18-67C7-4A72-8301-B9FDBB23BAB6}.Debug|x64.Build.0 = Debug|x64
		{E7AD1C18-67C7-4A72-8301-B9FDBB23BAB6}.Debug|x86.ActiveCfg = Debug|Win32
		{E7AD1C18-67C7-4A72-8301-B9FDBB23BAB6}.Debug|x86.Build.0 = Debug|Win32
		{E7AD1C18-67C7-4A72-8301-B9FDBB23BAB6}.Release|x64.ActiveCfg = Release|x64
		{E7AD1C18-67C7-4A72-8301-B9FDBB23BAB6}.Release|x64.Build.0 = Release|x64
		{E7AD1C18-67C7-4A72-8301-B9FDBB23BAB6}.Release|x86.ActiveCfg = Release|Win32
		{E7AD1C18-67C7-4A72-8301-B9FDBB23BAB6}.Release|x86.Build.0 = Release|Win32
		{D6873FCE-9FA4-4116-BE4A-25373ADE283E}.Debug|x64.ActiveCfg = Debug|x64
		{D6873FCE-9FA4-4116-BE4A-25373ADE283E}.Debug|x64.Build.0 = Debug|x64
		{D6873FCE-9FA4-4116-BE4A-25373ADE283E}.Debug|x86.ActiveCfg = Debug|Win32
		{D6873FCE-9FA4-4116-BE4A-25373ADE283E}.Debug|x86.Build.0 = Debug|Win32
		{D6873FCE-9FA4-4116-BE4A-25373ADE283E}.Release|x64.ActiveCfg = Release|x64
		{D6873FCE-9FA4-4116-BE4A-25373ADE283E}.Release|x64.Build.0 = Release|x64
		{D6873FCE-9FA4-4116-BE4A-25373ADE283E}.Release|x86.ActiveCfg = Release|Win32
		{D6873FCE-9FA4-4116-BE4A-25373ADE283E}.Release|x86.Build.0 = Release|Win32
		{7C9C0709-5281-4820-ABCA-5D6321D378B1}.Debug|x64.ActiveCfg = Debug|x64
		{7C9C0709-5281-4820-ABCA-5D6321D378B1}.Debug|x64.Build.0 = Debug|x64
		{7C9C0709-5281-4820-ABCA-5D6321D378B1}.Debug|x86.ActiveCfg = Debug|Win32
		{7C9C0709-5281-4820-ABCA-5D6321D378B1}.Debug|x86.Build.0 = Debug|Win32
		{7C9C0709-5281-4820-ABCA-5D6321D378B1}.Release|x64.ActiveCfg = Release|x64
		{7C9C0709-5281-4820-ABCA-5D6321D378B1}.Release|x64.Build.0 = Release|x64
		{7C9C0709-5281-4820-ABCA-5D6321D378B1}.Release|x86.ActiveCfg = Release|Win32
		{7C9C0709-5281-4820-ABCA-5D6321D378B1}.Release|x86.Build.0 = Release|Win32
	EndGlobalSection
	GlobalSection(SolutionProperties) = preSolution
		HideSolutionNode = FALSE
	EndGlobalSection
	GlobalSection(ExtensibilityGlobals) = postSolution
		SolutionGuid = {7B6D5C57-4E7C-4711-9230-84E715CE2237}
	EndGlobalSection
EndGlobal
