
Microsoft Visual Studio Solution File, Format Version 12.00
# Visual Studio Version 17
VisualStudioVersion = 17.0.31912.275
MinimumVisualStudioVersion = 10.0.40219.1
Project("{8BC9CEB8-8B4A-11D0-8D11-00A0C91BC942}") = "Q1", "Q1\Q1.vcxproj", "{11B9805B-D340-47A6-A034-D2C7F1FB0DFA}"
EndProject
Project("{8BC9CEB8-8B4A-11D0-8D11-00A0C91BC942}") = "Q2", "Q2\Q2.vcxproj", "{AF70BCFE-B78C-4126-84DF-C88802F147F8}"
EndProject
Project("{8BC9CEB8-8B4A-11D0-8D11-00A0C91BC942}") = "Q4", "Q4\Q4.vcxproj", "{AE9AF2C2-FE21-4636-85E2-2603C08F087C}"
EndProject
Project("{8BC9CEB8-8B4A-11D0-8D11-00A0C91BC942}") = "Q6", "Q6\Q6.vcxproj", "{1A5662B9-6A88-432A-A48C-304429960145}"
EndProject
Project("{8BC9CEB8-8B4A-11D0-8D11-00A0C91BC942}") = "Q7", "Q7\Q7.vcxproj", "{F70043A3-7B4B-4203-BAA2-B16D69F1A370}"
EndProject
Project("{8BC9CEB8-8B4A-11D0-8D11-00A0C91BC942}") = "Q8", "Q8\Q8.vcxproj", "{92E7202A-CC9F-4233-9709-46EC72A4420B}"
EndProject
Project("{8BC9CEB8-8B4A-11D0-8D11-00A0C91BC942}") = "Q10_(2)", "Q10\Q10.vcxproj", "{BD146976-7F8E-4243-AAAD-D4A94EBFBAB7}"
EndProject
Project("{8BC9CEB8-8B4A-11D0-8D11-00A0C91BC942}") = "Q10_(1)", "Q10_(1)\Q10_(1).vcxproj", "{FA557909-0E43-48DD-9B6A-A74467634E8C}"
EndProject
Global
	GlobalSection(SolutionConfigurationPlatforms) = preSolution
		Debug|x64 = Debug|x64
		Debug|x86 = Debug|x86
		Release|x64 = Release|x64
		Release|x86 = Release|x86
	EndGlobalSection
	GlobalSection(ProjectConfigurationPlatforms) = postSolution
		{11B9805B-D340-47A6-A034-D2C7F1FB0DFA}.Debug|x64.ActiveCfg = Debug|x64
		{11B9805B-D340-47A6-A034-D2C7F1FB0DFA}.Debug|x64.Build.0 = Debug|x64
		{11B9805B-D340-47A6-A034-D2C7F1FB0DFA}.Debug|x86.ActiveCfg = Debug|Win32
		{11B9805B-D340-47A6-A034-D2C7F1FB0DFA}.Debug|x86.Build.0 = Debug|Win32
		{11B9805B-D340-47A6-A034-D2C7F1FB0DFA}.Release|x64.ActiveCfg = Release|x64
		{11B9805B-D340-47A6-A034-D2C7F1FB0DFA}.Release|x64.Build.0 = Release|x64
		{11B9805B-D340-47A6-A034-D2C7F1FB0DFA}.Release|x86.ActiveCfg = Release|Win32
		{11B9805B-D340-47A6-A034-D2C7F1FB0DFA}.Release|x86.Build.0 = Release|Win32
		{AF70BCFE-B78C-4126-84DF-C88802F147F8}.Debug|x64.ActiveCfg = Debug|x64
		{AF70BCFE-B78C-4126-84DF-C88802F147F8}.Debug|x64.Build.0 = Debug|x64
		{AF70BCFE-B78C-4126-84DF-C88802F147F8}.Debug|x86.ActiveCfg = Debug|Win32
		{AF70BCFE-B78C-4126-84DF-C88802F147F8}.Debug|x86.Build.0 = Debug|Win32
		{AF70BCFE-B78C-4126-84DF-C88802F147F8}.Release|x64.ActiveCfg = Release|x64
		{AF70BCFE-B78C-4126-84DF-C88802F147F8}.Release|x64.Build.0 = Release|x64
		{AF70BCFE-B78C-4126-84DF-C88802F147F8}.Release|x86.ActiveCfg = Release|Win32
		{AF70BCFE-B78C-4126-84DF-C88802F147F8}.Release|x86.Build.0 = Release|Win32
		{AE9AF2C2-FE21-4636-85E2-2603C08F087C}.Debug|x64.ActiveCfg = Debug|x64
		{AE9AF2C2-FE21-4636-85E2-2603C08F087C}.Debug|x64.Build.0 = Debug|x64
		{AE9AF2C2-FE21-4636-85E2-2603C08F087C}.Debug|x86.ActiveCfg = Debug|Win32
		{AE9AF2C2-FE21-4636-85E2-2603C08F087C}.Debug|x86.Build.0 = Debug|Win32
		{AE9AF2C2-FE21-4636-85E2-2603C08F087C}.Release|x64.ActiveCfg = Release|x64
		{AE9AF2C2-FE21-4636-85E2-2603C08F087C}.Release|x64.Build.0 = Release|x64
		{AE9AF2C2-FE21-4636-85E2-2603C08F087C}.Release|x86.ActiveCfg = Release|Win32
		{AE9AF2C2-FE21-4636-85E2-2603C08F087C}.Release|x86.Build.0 = Release|Win32
		{1A5662B9-6A88-432A-A48C-304429960145}.Debug|x64.ActiveCfg = Debug|x64
		{1A5662B9-6A88-432A-A48C-304429960145}.Debug|x64.Build.0 = Debug|x64
		{1A5662B9-6A88-432A-A48C-304429960145}.Debug|x86.ActiveCfg = Debug|Win32
		{1A5662B9-6A88-432A-A48C-304429960145}.Debug|x86.Build.0 = Debug|Win32
		{1A5662B9-6A88-432A-A48C-304429960145}.Release|x64.ActiveCfg = Release|x64
		{1A5662B9-6A88-432A-A48C-304429960145}.Release|x64.Build.0 = Release|x64
		{1A5662B9-6A88-432A-A48C-304429960145}.Release|x86.ActiveCfg = Release|Win32
		{1A5662B9-6A88-432A-A48C-304429960145}.Release|x86.Build.0 = Release|Win32
		{F70043A3-7B4B-4203-BAA2-B16D69F1A370}.Debug|x64.ActiveCfg = Debug|x64
		{F70043A3-7B4B-4203-BAA2-B16D69F1A370}.Debug|x64.Build.0 = Debug|x64
		{F70043A3-7B4B-4203-BAA2-B16D69F1A370}.Debug|x86.ActiveCfg = Debug|Win32
		{F70043A3-7B4B-4203-BAA2-B16D69F1A370}.Debug|x86.Build.0 = Debug|Win32
		{F70043A3-7B4B-4203-BAA2-B16D69F1A370}.Release|x64.ActiveCfg = Release|x64
		{F70043A3-7B4B-4203-BAA2-B16D69F1A370}.Release|x64.Build.0 = Release|x64
		{F70043A3-7B4B-4203-BAA2-B16D69F1A370}.Release|x86.ActiveCfg = Release|Win32
		{F70043A3-7B4B-4203-BAA2-B16D69F1A370}.Release|x86.Build.0 = Release|Win32
		{92E7202A-CC9F-4233-9709-46EC72A4420B}.Debug|x64.ActiveCfg = Debug|x64
		{92E7202A-CC9F-4233-9709-46EC72A4420B}.Debug|x64.Build.0 = Debug|x64
		{92E7202A-CC9F-4233-9709-46EC72A4420B}.Debug|x86.ActiveCfg = Debug|Win32
		{92E7202A-CC9F-4233-9709-46EC72A4420B}.Debug|x86.Build.0 = Debug|Win32
		{92E7202A-CC9F-4233-9709-46EC72A4420B}.Release|x64.ActiveCfg = Release|x64
		{92E7202A-CC9F-4233-9709-46EC72A4420B}.Release|x64.Build.0 = Release|x64
		{92E7202A-CC9F-4233-9709-46EC72A4420B}.Release|x86.ActiveCfg = Release|Win32
		{92E7202A-CC9F-4233-9709-46EC72A4420B}.Release|x86.Build.0 = Release|Win32
		{BD146976-7F8E-4243-AAAD-D4A94EBFBAB7}.Debug|x64.ActiveCfg = Debug|x64
		{BD146976-7F8E-4243-AAAD-D4A94EBFBAB7}.Debug|x64.Build.0 = Debug|x64
		{BD146976-7F8E-4243-AAAD-D4A94EBFBAB7}.Debug|x86.ActiveCfg = Debug|Win32
		{BD146976-7F8E-4243-AAAD-D4A94EBFBAB7}.Debug|x86.Build.0 = Debug|Win32
		{BD146976-7F8E-4243-AAAD-D4A94EBFBAB7}.Release|x64.ActiveCfg = Release|x64
		{BD146976-7F8E-4243-AAAD-D4A94EBFBAB7}.Release|x64.Build.0 = Release|x64
		{BD146976-7F8E-4243-AAAD-D4A94EBFBAB7}.Release|x86.ActiveCfg = Release|Win32
		{BD146976-7F8E-4243-AAAD-D4A94EBFBAB7}.Release|x86.Build.0 = Release|Win32
		{FA557909-0E43-48DD-9B6A-A74467634E8C}.Debug|x64.ActiveCfg = Debug|x64
		{FA557909-0E43-48DD-9B6A-A74467634E8C}.Debug|x64.Build.0 = Debug|x64
		{FA557909-0E43-48DD-9B6A-A74467634E8C}.Debug|x86.ActiveCfg = Debug|Win32
		{FA557909-0E43-48DD-9B6A-A74467634E8C}.Debug|x86.Build.0 = Debug|Win32
		{FA557909-0E43-48DD-9B6A-A74467634E8C}.Release|x64.ActiveCfg = Release|x64
		{FA557909-0E43-48DD-9B6A-A74467634E8C}.Release|x64.Build.0 = Release|x64
		{FA557909-0E43-48DD-9B6A-A74467634E8C}.Release|x86.ActiveCfg = Release|Win32
		{FA557909-0E43-48DD-9B6A-A74467634E8C}.Release|x86.Build.0 = Release|Win32
	EndGlobalSection
	GlobalSection(SolutionProperties) = preSolution
		HideSolutionNode = FALSE
	EndGlobalSection
	GlobalSection(ExtensibilityGlobals) = postSolution
		SolutionGuid = {D820FF3A-1032-410F-A8E9-7CFAA089FBB1}
	EndGlobalSection
EndGlobal
