
Microsoft Visual Studio Solution File, Format Version 12.00
# Visual Studio Version 17
VisualStudioVersion = 17.0.31912.275
MinimumVisualStudioVersion = 10.0.40219.1
Project("{8BC9CEB8-8B4A-11D0-8D11-00A0C91BC942}") = "Q1", "예제9-1\예제9-1.vcxproj", "{472BA836-F552-4DA5-88A6-C26DFBD2CB73}"
EndProject
Project("{8BC9CEB8-8B4A-11D0-8D11-00A0C91BC942}") = "Q2", "Q2\Q2.vcxproj", "{09E546C3-6D34-469D-A787-CF0A84505860}"
EndProject
Project("{8BC9CEB8-8B4A-11D0-8D11-00A0C91BC942}") = "Q3", "Q3\Q3.vcxproj", "{AF2900E5-ECC2-4206-BDB0-8F727B7D6E22}"
EndProject
Project("{8BC9CEB8-8B4A-11D0-8D11-00A0C91BC942}") = "Q4", "Q4\Q4.vcxproj", "{A3BDC801-D537-4992-BD83-8F2C6B2E42A8}"
EndProject
Project("{8BC9CEB8-8B4A-11D0-8D11-00A0C91BC942}") = "Q5", "Q5\Q5.vcxproj", "{446FBE68-AD92-4AB0-AF9F-7431C038EA7E}"
EndProject
Project("{8BC9CEB8-8B4A-11D0-8D11-00A0C91BC942}") = "Q6", "Q6\Q6.vcxproj", "{2690B19D-7DA5-42B7-AC62-0AD1CF588FC7}"
EndProject
Project("{8BC9CEB8-8B4A-11D0-8D11-00A0C91BC942}") = "Q7", "Q7\Q7.vcxproj", "{68552D9A-6D60-4BBD-8009-57D49C5F1D0E}"
EndProject
Project("{8BC9CEB8-8B4A-11D0-8D11-00A0C91BC942}") = "Q8", "Q8\Q8.vcxproj", "{2D2A8256-2222-4FD8-940E-EB010B0F8864}"
EndProject
Global
	GlobalSection(SolutionConfigurationPlatforms) = preSolution
		Debug|x64 = Debug|x64
		Debug|x86 = Debug|x86
		Release|x64 = Release|x64
		Release|x86 = Release|x86
	EndGlobalSection
	GlobalSection(ProjectConfigurationPlatforms) = postSolution
		{472BA836-F552-4DA5-88A6-C26DFBD2CB73}.Debug|x64.ActiveCfg = Debug|x64
		{472BA836-F552-4DA5-88A6-C26DFBD2CB73}.Debug|x64.Build.0 = Debug|x64
		{472BA836-F552-4DA5-88A6-C26DFBD2CB73}.Debug|x86.ActiveCfg = Debug|Win32
		{472BA836-F552-4DA5-88A6-C26DFBD2CB73}.Debug|x86.Build.0 = Debug|Win32
		{472BA836-F552-4DA5-88A6-C26DFBD2CB73}.Release|x64.ActiveCfg = Release|x64
		{472BA836-F552-4DA5-88A6-C26DFBD2CB73}.Release|x64.Build.0 = Release|x64
		{472BA836-F552-4DA5-88A6-C26DFBD2CB73}.Release|x86.ActiveCfg = Release|Win32
		{472BA836-F552-4DA5-88A6-C26DFBD2CB73}.Release|x86.Build.0 = Release|Win32
		{09E546C3-6D34-469D-A787-CF0A84505860}.Debug|x64.ActiveCfg = Debug|x64
		{09E546C3-6D34-469D-A787-CF0A84505860}.Debug|x64.Build.0 = Debug|x64
		{09E546C3-6D34-469D-A787-CF0A84505860}.Debug|x86.ActiveCfg = Debug|Win32
		{09E546C3-6D34-469D-A787-CF0A84505860}.Debug|x86.Build.0 = Debug|Win32
		{09E546C3-6D34-469D-A787-CF0A84505860}.Release|x64.ActiveCfg = Release|x64
		{09E546C3-6D34-469D-A787-CF0A84505860}.Release|x64.Build.0 = Release|x64
		{09E546C3-6D34-469D-A787-CF0A84505860}.Release|x86.ActiveCfg = Release|Win32
		{09E546C3-6D34-469D-A787-CF0A84505860}.Release|x86.Build.0 = Release|Win32
		{AF2900E5-ECC2-4206-BDB0-8F727B7D6E22}.Debug|x64.ActiveCfg = Debug|x64
		{AF2900E5-ECC2-4206-BDB0-8F727B7D6E22}.Debug|x64.Build.0 = Debug|x64
		{AF2900E5-ECC2-4206-BDB0-8F727B7D6E22}.Debug|x86.ActiveCfg = Debug|Win32
		{AF2900E5-ECC2-4206-BDB0-8F727B7D6E22}.Debug|x86.Build.0 = Debug|Win32
		{AF2900E5-ECC2-4206-BDB0-8F727B7D6E22}.Release|x64.ActiveCfg = Release|x64
		{AF2900E5-ECC2-4206-BDB0-8F727B7D6E22}.Release|x64.Build.0 = Release|x64
		{AF2900E5-ECC2-4206-BDB0-8F727B7D6E22}.Release|x86.ActiveCfg = Release|Win32
		{AF2900E5-ECC2-4206-BDB0-8F727B7D6E22}.Release|x86.Build.0 = Release|Win32
		{A3BDC801-D537-4992-BD83-8F2C6B2E42A8}.Debug|x64.ActiveCfg = Debug|x64
		{A3BDC801-D537-4992-BD83-8F2C6B2E42A8}.Debug|x64.Build.0 = Debug|x64
		{A3BDC801-D537-4992-BD83-8F2C6B2E42A8}.Debug|x86.ActiveCfg = Debug|Win32
		{A3BDC801-D537-4992-BD83-8F2C6B2E42A8}.Debug|x86.Build.0 = Debug|Win32
		{A3BDC801-D537-4992-BD83-8F2C6B2E42A8}.Release|x64.ActiveCfg = Release|x64
		{A3BDC801-D537-4992-BD83-8F2C6B2E42A8}.Release|x64.Build.0 = Release|x64
		{A3BDC801-D537-4992-BD83-8F2C6B2E42A8}.Release|x86.ActiveCfg = Release|Win32
		{A3BDC801-D537-4992-BD83-8F2C6B2E42A8}.Release|x86.Build.0 = Release|Win32
		{446FBE68-AD92-4AB0-AF9F-7431C038EA7E}.Debug|x64.ActiveCfg = Debug|x64
		{446FBE68-AD92-4AB0-AF9F-7431C038EA7E}.Debug|x64.Build.0 = Debug|x64
		{446FBE68-AD92-4AB0-AF9F-7431C038EA7E}.Debug|x86.ActiveCfg = Debug|Win32
		{446FBE68-AD92-4AB0-AF9F-7431C038EA7E}.Debug|x86.Build.0 = Debug|Win32
		{446FBE68-AD92-4AB0-AF9F-7431C038EA7E}.Release|x64.ActiveCfg = Release|x64
		{446FBE68-AD92-4AB0-AF9F-7431C038EA7E}.Release|x64.Build.0 = Release|x64
		{446FBE68-AD92-4AB0-AF9F-7431C038EA7E}.Release|x86.ActiveCfg = Release|Win32
		{446FBE68-AD92-4AB0-AF9F-7431C038EA7E}.Release|x86.Build.0 = Release|Win32
		{2690B19D-7DA5-42B7-AC62-0AD1CF588FC7}.Debug|x64.ActiveCfg = Debug|x64
		{2690B19D-7DA5-42B7-AC62-0AD1CF588FC7}.Debug|x64.Build.0 = Debug|x64
		{2690B19D-7DA5-42B7-AC62-0AD1CF588FC7}.Debug|x86.ActiveCfg = Debug|Win32
		{2690B19D-7DA5-42B7-AC62-0AD1CF588FC7}.Debug|x86.Build.0 = Debug|Win32
		{2690B19D-7DA5-42B7-AC62-0AD1CF588FC7}.Release|x64.ActiveCfg = Release|x64
		{2690B19D-7DA5-42B7-AC62-0AD1CF588FC7}.Release|x64.Build.0 = Release|x64
		{2690B19D-7DA5-42B7-AC62-0AD1CF588FC7}.Release|x86.ActiveCfg = Release|Win32
		{2690B19D-7DA5-42B7-AC62-0AD1CF588FC7}.Release|x86.Build.0 = Release|Win32
		{68552D9A-6D60-4BBD-8009-57D49C5F1D0E}.Debug|x64.ActiveCfg = Debug|x64
		{68552D9A-6D60-4BBD-8009-57D49C5F1D0E}.Debug|x64.Build.0 = Debug|x64
		{68552D9A-6D60-4BBD-8009-57D49C5F1D0E}.Debug|x86.ActiveCfg = Debug|Win32
		{68552D9A-6D60-4BBD-8009-57D49C5F1D0E}.Debug|x86.Build.0 = Debug|Win32
		{68552D9A-6D60-4BBD-8009-57D49C5F1D0E}.Release|x64.ActiveCfg = Release|x64
		{68552D9A-6D60-4BBD-8009-57D49C5F1D0E}.Release|x64.Build.0 = Release|x64
		{68552D9A-6D60-4BBD-8009-57D49C5F1D0E}.Release|x86.ActiveCfg = Release|Win32
		{68552D9A-6D60-4BBD-8009-57D49C5F1D0E}.Release|x86.Build.0 = Release|Win32
		{2D2A8256-2222-4FD8-940E-EB010B0F8864}.Debug|x64.ActiveCfg = Debug|x64
		{2D2A8256-2222-4FD8-940E-EB010B0F8864}.Debug|x64.Build.0 = Debug|x64
		{2D2A8256-2222-4FD8-940E-EB010B0F8864}.Debug|x86.ActiveCfg = Debug|Win32
		{2D2A8256-2222-4FD8-940E-EB010B0F8864}.Debug|x86.Build.0 = Debug|Win32
		{2D2A8256-2222-4FD8-940E-EB010B0F8864}.Release|x64.ActiveCfg = Release|x64
		{2D2A8256-2222-4FD8-940E-EB010B0F8864}.Release|x64.Build.0 = Release|x64
		{2D2A8256-2222-4FD8-940E-EB010B0F8864}.Release|x86.ActiveCfg = Release|Win32
		{2D2A8256-2222-4FD8-940E-EB010B0F8864}.Release|x86.Build.0 = Release|Win32
	EndGlobalSection
	GlobalSection(SolutionProperties) = preSolution
		HideSolutionNode = FALSE
	EndGlobalSection
	GlobalSection(ExtensibilityGlobals) = postSolution
		SolutionGuid = {9B7DB492-B512-4F3E-AAA6-C654330D0B76}
	EndGlobalSection
EndGlobal
